
Microsoft Visual Studio Solution File, Format Version 12.00
# Visual Studio Version 16
VisualStudioVersion = 16.0.30002.166
MinimumVisualStudioVersion = 10.0.40219.1
Project("{8BC9CEB8-8B4A-11D0-8D11-00A0C91BC942}") = "C Tutorials", "C++Tutorials\C\C Tutorials.vcxproj", "{4020F9D0-B8CB-4E1C-B5E9-DAF8BEA4B7ED}"
EndProject
Project("{8BC9CEB8-8B4A-11D0-8D11-00A0C91BC942}") = "ConfigurationFileReadWrite", "C++Tutorials\C\ConfigurationFileReadWrite\ProfileReadWrite.vcxproj", "{5DC528A6-2286-46BE-A2E8-31FEC2EFE59E}"
EndProject
Project("{8BC9CEB8-8B4A-11D0-8D11-00A0C91BC942}") = "FileEncryption", "C++Tutorials\C\FileEncryption\FileEncryption.vcxproj", "{76CDF97E-BE21-4C73-ACA6-0D31430C3F6B}"
EndProject
Project("{8BC9CEB8-8B4A-11D0-8D11-00A0C91BC942}") = "DynamicLibraryTest", "DynamicLibraryTest\DynamicLibraryTest.vcxproj", "{BD06B7D1-A399-4F2F-B1F5-FE0B5BEFE73E}"
EndProject
Project("{8BC9CEB8-8B4A-11D0-8D11-00A0C91BC942}") = "SocketClient", "SocketClient\SocketClient.vcxproj", "{FA847ECB-73BB-4098-A876-A8CE680428C4}"
EndProject
Project("{8BC9CEB8-8B4A-11D0-8D11-00A0C91BC942}") = "C++Tutorials", "C++Tutorials\C++\C++Tutorials\C++Tutorials.vcxproj", "{1BD49F9A-ACEF-4241-94E9-E6FF596415A8}"
EndProject
Project("{8BC9CEB8-8B4A-11D0-8D11-00A0C91BC942}") = "信息系统框架继承第三方产品", "信息系统框架继承第三方产品\信息系统框架继承第三方产品.vcxproj", "{C50BCC13-4C77-4547-A4BA-8993D7F5E629}"
EndProject
Project("{8BC9CEB8-8B4A-11D0-8D11-00A0C91BC942}") = "DataStructure", "DataStructure\DataStructure.vcxproj", "{EE02D934-FB44-43A8-ADB1-8D5F519AC589}"
EndProject
Project("{8BC9CEB8-8B4A-11D0-8D11-00A0C91BC942}") = "线性表顺序存储设计与实现", "线性表顺序存储设计与实现\线性表顺序存储设计与实现.vcxproj", "{169B6C86-57C6-41CA-A503-30928EBEB0DB}"
EndProject
Project("{8BC9CEB8-8B4A-11D0-8D11-00A0C91BC942}") = "线性表链式存储设计与实现", "线性表表链式存储设计与实现\线性表表链式存储设计与实现.vcxproj", "{8964E8C1-A609-45FB-AD14-B12F7BF3ED00}"
EndProject
Project("{8BC9CEB8-8B4A-11D0-8D11-00A0C91BC942}") = "栈的顺序存储设计与实现", "栈的顺序存储设计与实现\栈的顺序存储设计与实现.vcxproj", "{97B50B9A-965B-42F3-8EAC-EDE588B1CE9D}"
EndProject
Project("{8BC9CEB8-8B4A-11D0-8D11-00A0C91BC942}") = "栈的链式存储设计与实现", "栈的链式存储设计与实现\栈的链式存储设计与实现.vcxproj", "{DB938355-D584-4800-AC6A-E63B05E92F93}"
EndProject
Project("{2150E333-8FDC-42A3-9474-1A3956D46DE8}") = "数据结构", "数据结构", "{2A349060-77E5-4BAE-9F84-64AE72B2D380}"
EndProject
Global
	GlobalSection(SolutionConfigurationPlatforms) = preSolution
		Debug|x64 = Debug|x64
		Debug|x86 = Debug|x86
		Release|x64 = Release|x64
		Release|x86 = Release|x86
	EndGlobalSection
	GlobalSection(ProjectConfigurationPlatforms) = postSolution
		{4020F9D0-B8CB-4E1C-B5E9-DAF8BEA4B7ED}.Debug|x64.ActiveCfg = Debug|x64
		{4020F9D0-B8CB-4E1C-B5E9-DAF8BEA4B7ED}.Debug|x64.Build.0 = Debug|x64
		{4020F9D0-B8CB-4E1C-B5E9-DAF8BEA4B7ED}.Debug|x86.ActiveCfg = Debug|Win32
		{4020F9D0-B8CB-4E1C-B5E9-DAF8BEA4B7ED}.Debug|x86.Build.0 = Debug|Win32
		{4020F9D0-B8CB-4E1C-B5E9-DAF8BEA4B7ED}.Release|x64.ActiveCfg = Release|x64
		{4020F9D0-B8CB-4E1C-B5E9-DAF8BEA4B7ED}.Release|x64.Build.0 = Release|x64
		{4020F9D0-B8CB-4E1C-B5E9-DAF8BEA4B7ED}.Release|x86.ActiveCfg = Release|Win32
		{4020F9D0-B8CB-4E1C-B5E9-DAF8BEA4B7ED}.Release|x86.Build.0 = Release|Win32
		{5DC528A6-2286-46BE-A2E8-31FEC2EFE59E}.Debug|x64.ActiveCfg = Debug|x64
		{5DC528A6-2286-46BE-A2E8-31FEC2EFE59E}.Debug|x64.Build.0 = Debug|x64
		{5DC528A6-2286-46BE-A2E8-31FEC2EFE59E}.Debug|x86.ActiveCfg = Debug|Win32
		{5DC528A6-2286-46BE-A2E8-31FEC2EFE59E}.Debug|x86.Build.0 = Debug|Win32
		{5DC528A6-2286-46BE-A2E8-31FEC2EFE59E}.Release|x64.ActiveCfg = Release|x64
		{5DC528A6-2286-46BE-A2E8-31FEC2EFE59E}.Release|x64.Build.0 = Release|x64
		{5DC528A6-2286-46BE-A2E8-31FEC2EFE59E}.Release|x86.ActiveCfg = Release|Win32
		{5DC528A6-2286-46BE-A2E8-31FEC2EFE59E}.Release|x86.Build.0 = Release|Win32
		{76CDF97E-BE21-4C73-ACA6-0D31430C3F6B}.Debug|x64.ActiveCfg = Debug|x64
		{76CDF97E-BE21-4C73-ACA6-0D31430C3F6B}.Debug|x64.Build.0 = Debug|x64
		{76CDF97E-BE21-4C73-ACA6-0D31430C3F6B}.Debug|x86.ActiveCfg = Debug|Win32
		{76CDF97E-BE21-4C73-ACA6-0D31430C3F6B}.Debug|x86.Build.0 = Debug|Win32
		{76CDF97E-BE21-4C73-ACA6-0D31430C3F6B}.Release|x64.ActiveCfg = Release|x64
		{76CDF97E-BE21-4C73-ACA6-0D31430C3F6B}.Release|x64.Build.0 = Release|x64
		{76CDF97E-BE21-4C73-ACA6-0D31430C3F6B}.Release|x86.ActiveCfg = Release|Win32
		{76CDF97E-BE21-4C73-ACA6-0D31430C3F6B}.Release|x86.Build.0 = Release|Win32
		{BD06B7D1-A399-4F2F-B1F5-FE0B5BEFE73E}.Debug|x64.ActiveCfg = Debug|x64
		{BD06B7D1-A399-4F2F-B1F5-FE0B5BEFE73E}.Debug|x64.Build.0 = Debug|x64
		{BD06B7D1-A399-4F2F-B1F5-FE0B5BEFE73E}.Debug|x86.ActiveCfg = Debug|Win32
		{BD06B7D1-A399-4F2F-B1F5-FE0B5BEFE73E}.Debug|x86.Build.0 = Debug|Win32
		{BD06B7D1-A399-4F2F-B1F5-FE0B5BEFE73E}.Release|x64.ActiveCfg = Release|x64
		{BD06B7D1-A399-4F2F-B1F5-FE0B5BEFE73E}.Release|x64.Build.0 = Release|x64
		{BD06B7D1-A399-4F2F-B1F5-FE0B5BEFE73E}.Release|x86.ActiveCfg = Release|Win32
		{BD06B7D1-A399-4F2F-B1F5-FE0B5BEFE73E}.Release|x86.Build.0 = Release|Win32
		{FA847ECB-73BB-4098-A876-A8CE680428C4}.Debug|x64.ActiveCfg = Debug|x64
		{FA847ECB-73BB-4098-A876-A8CE680428C4}.Debug|x64.Build.0 = Debug|x64
		{FA847ECB-73BB-4098-A876-A8CE680428C4}.Debug|x86.ActiveCfg = Debug|Win32
		{FA847ECB-73BB-4098-A876-A8CE680428C4}.Debug|x86.Build.0 = Debug|Win32
		{FA847ECB-73BB-4098-A876-A8CE680428C4}.Release|x64.ActiveCfg = Release|x64
		{FA847ECB-73BB-4098-A876-A8CE680428C4}.Release|x64.Build.0 = Release|x64
		{FA847ECB-73BB-4098-A876-A8CE680428C4}.Release|x86.ActiveCfg = Release|Win32
		{FA847ECB-73BB-4098-A876-A8CE680428C4}.Release|x86.Build.0 = Release|Win32
		{1BD49F9A-ACEF-4241-94E9-E6FF596415A8}.Debug|x64.ActiveCfg = Debug|x64
		{1BD49F9A-ACEF-4241-94E9-E6FF596415A8}.Debug|x64.Build.0 = Debug|x64
		{1BD49F9A-ACEF-4241-94E9-E6FF596415A8}.Debug|x86.ActiveCfg = Debug|Win32
		{1BD49F9A-ACEF-4241-94E9-E6FF596415A8}.Debug|x86.Build.0 = Debug|Win32
		{1BD49F9A-ACEF-4241-94E9-E6FF596415A8}.Release|x64.ActiveCfg = Release|x64
		{1BD49F9A-ACEF-4241-94E9-E6FF596415A8}.Release|x64.Build.0 = Release|x64
		{1BD49F9A-ACEF-4241-94E9-E6FF596415A8}.Release|x86.ActiveCfg = Release|Win32
		{1BD49F9A-ACEF-4241-94E9-E6FF596415A8}.Release|x86.Build.0 = Release|Win32
		{C50BCC13-4C77-4547-A4BA-8993D7F5E629}.Debug|x64.ActiveCfg = Debug|x64
		{C50BCC13-4C77-4547-A4BA-8993D7F5E629}.Debug|x64.Build.0 = Debug|x64
		{C50BCC13-4C77-4547-A4BA-8993D7F5E629}.Debug|x86.ActiveCfg = Debug|Win32
		{C50BCC13-4C77-4547-A4BA-8993D7F5E629}.Debug|x86.Build.0 = Debug|Win32
		{C50BCC13-4C77-4547-A4BA-8993D7F5E629}.Release|x64.ActiveCfg = Release|x64
		{C50BCC13-4C77-4547-A4BA-8993D7F5E629}.Release|x64.Build.0 = Release|x64
		{C50BCC13-4C77-4547-A4BA-8993D7F5E629}.Release|x86.ActiveCfg = Release|Win32
		{C50BCC13-4C77-4547-A4BA-8993D7F5E629}.Release|x86.Build.0 = Release|Win32
		{EE02D934-FB44-43A8-ADB1-8D5F519AC589}.Debug|x64.ActiveCfg = Debug|x64
		{EE02D934-FB44-43A8-ADB1-8D5F519AC589}.Debug|x64.Build.0 = Debug|x64
		{EE02D934-FB44-43A8-ADB1-8D5F519AC589}.Debug|x86.ActiveCfg = Debug|Win32
		{EE02D934-FB44-43A8-ADB1-8D5F519AC589}.Debug|x86.Build.0 = Debug|Win32
		{EE02D934-FB44-43A8-ADB1-8D5F519AC589}.Release|x64.ActiveCfg = Release|x64
		{EE02D934-FB44-43A8-ADB1-8D5F519AC589}.Release|x64.Build.0 = Release|x64
		{EE02D934-FB44-43A8-ADB1-8D5F519AC589}.Release|x86.ActiveCfg = Release|Win32
		{EE02D934-FB44-43A8-ADB1-8D5F519AC589}.Release|x86.Build.0 = Release|Win32
		{169B6C86-57C6-41CA-A503-30928EBEB0DB}.Debug|x64.ActiveCfg = Debug|x64
		{169B6C86-57C6-41CA-A503-30928EBEB0DB}.Debug|x64.Build.0 = Debug|x64
		{169B6C86-57C6-41CA-A503-30928EBEB0DB}.Debug|x86.ActiveCfg = Debug|Win32
		{169B6C86-57C6-41CA-A503-30928EBEB0DB}.Debug|x86.Build.0 = Debug|Win32
		{169B6C86-57C6-41CA-A503-30928EBEB0DB}.Release|x64.ActiveCfg = Release|x64
		{169B6C86-57C6-41CA-A503-30928EBEB0DB}.Release|x64.Build.0 = Release|x64
		{169B6C86-57C6-41CA-A503-30928EBEB0DB}.Release|x86.ActiveCfg = Release|Win32
		{169B6C86-57C6-41CA-A503-30928EBEB0DB}.Release|x86.Build.0 = Release|Win32
		{8964E8C1-A609-45FB-AD14-B12F7BF3ED00}.Debug|x64.ActiveCfg = Debug|x64
		{8964E8C1-A609-45FB-AD14-B12F7BF3ED00}.Debug|x64.Build.0 = Debug|x64
		{8964E8C1-A609-45FB-AD14-B12F7BF3ED00}.Debug|x86.ActiveCfg = Debug|Win32
		{8964E8C1-A609-45FB-AD14-B12F7BF3ED00}.Debug|x86.Build.0 = Debug|Win32
		{8964E8C1-A609-45FB-AD14-B12F7BF3ED00}.Release|x64.ActiveCfg = Release|x64
		{8964E8C1-A609-45FB-AD14-B12F7BF3ED00}.Release|x64.Build.0 = Release|x64
		{8964E8C1-A609-45FB-AD14-B12F7BF3ED00}.Release|x86.ActiveCfg = Release|Win32
		{8964E8C1-A609-45FB-AD14-B12F7BF3ED00}.Release|x86.Build.0 = Release|Win32
		{97B50B9A-965B-42F3-8EAC-EDE588B1CE9D}.Debug|x64.ActiveCfg = Debug|x64
		{97B50B9A-965B-42F3-8EAC-EDE588B1CE9D}.Debug|x64.Build.0 = Debug|x64
		{97B50B9A-965B-42F3-8EAC-EDE588B1CE9D}.Debug|x86.ActiveCfg = Debug|Win32
		{97B50B9A-965B-42F3-8EAC-EDE588B1CE9D}.Debug|x86.Build.0 = Debug|Win32
		{97B50B9A-965B-42F3-8EAC-EDE588B1CE9D}.Release|x64.ActiveCfg = Release|x64
		{97B50B9A-965B-42F3-8EAC-EDE588B1CE9D}.Release|x64.Build.0 = Release|x64
		{97B50B9A-965B-42F3-8EAC-EDE588B1CE9D}.Release|x86.ActiveCfg = Release|Win32
		{97B50B9A-965B-42F3-8EAC-EDE588B1CE9D}.Release|x86.Build.0 = Release|Win32
		{DB938355-D584-4800-AC6A-E63B05E92F93}.Debug|x64.ActiveCfg = Debug|x64
		{DB938355-D584-4800-AC6A-E63B05E92F93}.Debug|x64.Build.0 = Debug|x64
		{DB938355-D584-4800-AC6A-E63B05E92F93}.Debug|x86.ActiveCfg = Debug|Win32
		{DB938355-D584-4800-AC6A-E63B05E92F93}.Debug|x86.Build.0 = Debug|Win32
		{DB938355-D584-4800-AC6A-E63B05E92F93}.Release|x64.ActiveCfg = Release|x64
		{DB938355-D584-4800-AC6A-E63B05E92F93}.Release|x64.Build.0 = Release|x64
		{DB938355-D584-4800-AC6A-E63B05E92F93}.Release|x86.ActiveCfg = Release|Win32
		{DB938355-D584-4800-AC6A-E63B05E92F93}.Release|x86.Build.0 = Release|Win32
	EndGlobalSection
	GlobalSection(SolutionProperties) = preSolution
		HideSolutionNode = FALSE
	EndGlobalSection
	GlobalSection(NestedProjects) = preSolution
		{EE02D934-FB44-43A8-ADB1-8D5F519AC589} = {2A349060-77E5-4BAE-9F84-64AE72B2D380}
		{169B6C86-57C6-41CA-A503-30928EBEB0DB} = {2A349060-77E5-4BAE-9F84-64AE72B2D380}
		{8964E8C1-A609-45FB-AD14-B12F7BF3ED00} = {2A349060-77E5-4BAE-9F84-64AE72B2D380}
		{97B50B9A-965B-42F3-8EAC-EDE588B1CE9D} = {2A349060-77E5-4BAE-9F84-64AE72B2D380}
		{DB938355-D584-4800-AC6A-E63B05E92F93} = {2A349060-77E5-4BAE-9F84-64AE72B2D380}
	EndGlobalSection
	GlobalSection(ExtensibilityGlobals) = postSolution
		SolutionGuid = {EEA2C9C7-2DFA-4CEA-AC9F-C02E0CE0FA39}
	EndGlobalSection
EndGlobal
